
Microsoft Visual Studio Solution File, Format Version 12.00
# Visual Studio Version 16
VisualStudioVersion = 16.0.29306.81
MinimumVisualStudioVersion = 10.0.40219.1
Project("{FAE04EC0-301F-11D3-BF4B-00C04F79EFBC}") = "Calculadora.Android", "Calculadora\Calculadora.Android\Calculadora.Android.csproj", "{C85FBDA4-A9E5-4930-8FDF-A66DE448FECC}"
EndProject
Project("{FAE04EC0-301F-11D3-BF4B-00C04F79EFBC}") = "Calculadora.iOS", "Calculadora\Calculadora.iOS\Calculadora.iOS.csproj", "{08BB8F2B-E071-4734-B8FB-3183F28A583F}"
EndProject
Project("{FAE04EC0-301F-11D3-BF4B-00C04F79EFBC}") = "Calculadora", "Calculadora\Calculadora\Calculadora.csproj", "{AE0AB48F-1B67-44CD-B57F-CDF2A41A110F}"
EndProject
Global
	GlobalSection(SolutionConfigurationPlatforms) = preSolution
		Debug|Any CPU = Debug|Any CPU
		Debug|iPhone = Debug|iPhone
		Debug|iPhoneSimulator = Debug|iPhoneSimulator
		Release|Any CPU = Release|Any CPU
		Release|iPhone = Release|iPhone
		Release|iPhoneSimulator = Release|iPhoneSimulator
	EndGlobalSection
	GlobalSection(ProjectConfigurationPlatforms) = postSolution
		{C85FBDA4-A9E5-4930-8FDF-A66DE448FECC}.Debug|Any CPU.ActiveCfg = Debug|Any CPU
		{C85FBDA4-A9E5-4930-8FDF-A66DE448FECC}.Debug|Any CPU.Build.0 = Debug|Any CPU
		{C85FBDA4-A9E5-4930-8FDF-A66DE448FECC}.Debug|Any CPU.Deploy.0 = Debug|Any CPU
		{C85FBDA4-A9E5-4930-8FDF-A66DE448FECC}.Debug|iPhone.ActiveCfg = Debug|Any CPU
		{C85FBDA4-A9E5-4930-8FDF-A66DE448FECC}.Debug|iPhone.Build.0 = Debug|Any CPU
		{C85FBDA4-A9E5-4930-8FDF-A66DE448FECC}.Debug|iPhone.Deploy.0 = Debug|Any CPU
		{C85FBDA4-A9E5-4930-8FDF-A66DE448FECC}.Debug|iPhoneSimulator.ActiveCfg = Debug|Any CPU
		{C85FBDA4-A9E5-4930-8FDF-A66DE448FECC}.Debug|iPhoneSimulator.Build.0 = Debug|Any CPU
		{C85FBDA4-A9E5-4930-8FDF-A66DE448FECC}.Debug|iPhoneSimulator.Deploy.0 = Debug|Any CPU
		{C85FBDA4-A9E5-4930-8FDF-A66DE448FECC}.Release|Any CPU.ActiveCfg = Release|Any CPU
		{C85FBDA4-A9E5-4930-8FDF-A66DE448FECC}.Release|Any CPU.Build.0 = Release|Any CPU
		{C85FBDA4-A9E5-4930-8FDF-A66DE448FECC}.Release|Any CPU.Deploy.0 = Release|Any CPU
		{C85FBDA4-A9E5-4930-8FDF-A66DE448FECC}.Release|iPhone.ActiveCfg = Release|Any CPU
		{C85FBDA4-A9E5-4930-8FDF-A66DE448FECC}.Release|iPhone.Build.0 = Release|Any CPU
		{C85FBDA4-A9E5-4930-8FDF-A66DE448FECC}.Release|iPhone.Deploy.0 = Release|Any CPU
		{C85FBDA4-A9E5-4930-8FDF-A66DE448FECC}.Release|iPhoneSimulator.ActiveCfg = Release|Any CPU
		{C85FBDA4-A9E5-4930-8FDF-A66DE448FECC}.Release|iPhoneSimulator.Build.0 = Release|Any CPU
		{C85FBDA4-A9E5-4930-8FDF-A66DE448FECC}.Release|iPhoneSimulator.Deploy.0 = Release|Any CPU
		{08BB8F2B-E071-4734-B8FB-3183F28A583F}.Debug|Any CPU.ActiveCfg = Debug|iPhoneSimulator
		{08BB8F2B-E071-4734-B8FB-3183F28A583F}.Debug|Any CPU.Build.0 = Debug|iPhoneSimulator
		{08BB8F2B-E071-4734-B8FB-3183F28A583F}.Debug|Any CPU.Deploy.0 = Debug|iPhoneSimulator
		{08BB8F2B-E071-4734-B8FB-3183F28A583F}.Debug|iPhone.ActiveCfg = Debug|iPhone
		{08BB8F2B-E071-4734-B8FB-3183F28A583F}.Debug|iPhone.Build.0 = Debug|iPhone
		{08BB8F2B-E071-4734-B8FB-3183F28A583F}.Debug|iPhone.Deploy.0 = Debug|iPhone
		{08BB8F2B-E071-4734-B8FB-3183F28A583F}.Debug|iPhoneSimulator.ActiveCfg = Debug|iPhoneSimulator
		{08BB8F2B-E071-4734-B8FB-3183F28A583F}.Debug|iPhoneSimulator.Build.0 = Debug|iPhoneSimulator
		{08BB8F2B-E071-4734-B8FB-3183F28A583F}.Debug|iPhoneSimulator.Deploy.0 = Debug|iPhoneSimulator
		{08BB8F2B-E071-4734-B8FB-3183F28A583F}.Release|Any CPU.ActiveCfg = Release|iPhone
		{08BB8F2B-E071-4734-B8FB-3183F28A583F}.Release|Any CPU.Build.0 = Release|iPhone
		{08BB8F2B-E071-4734-B8FB-3183F28A583F}.Release|Any CPU.Deploy.0 = Release|iPhone
		{08BB8F2B-E071-4734-B8FB-3183F28A583F}.Release|iPhone.ActiveCfg = Release|iPhone
		{08BB8F2B-E071-4734-B8FB-3183F28A583F}.Release|iPhone.Build.0 = Release|iPhone
		{08BB8F2B-E071-4734-B8FB-3183F28A583F}.Release|iPhone.Deploy.0 = Release|iPhone
		{08BB8F2B-E071-4734-B8FB-3183F28A583F}.Release|iPhoneSimulator.ActiveCfg = Release|iPhoneSimulator
		{08BB8F2B-E071-4734-B8FB-3183F28A583F}.Release|iPhoneSimulator.Build.0 = Release|iPhoneSimulator
		{08BB8F2B-E071-4734-B8FB-3183F28A583F}.Release|iPhoneSimulator.Deploy.0 = Release|iPhoneSimulator
		{AE0AB48F-1B67-44CD-B57F-CDF2A41A110F}.Debug|Any CPU.ActiveCfg = Debug|Any CPU
		{AE0AB48F-1B67-44CD-B57F-CDF2A41A110F}.Debug|Any CPU.Build.0 = Debug|Any CPU
		{AE0AB48F-1B67-44CD-B57F-CDF2A41A110F}.Debug|Any CPU.Deploy.0 = Debug|Any CPU
		{AE0AB48F-1B67-44CD-B57F-CDF2A41A110F}.Debug|iPhone.ActiveCfg = Debug|Any CPU
		{AE0AB48F-1B67-44CD-B57F-CDF2A41A110F}.Debug|iPhone.Build.0 = Debug|Any CPU
		{AE0AB48F-1B67-44CD-B57F-CDF2A41A110F}.Debug|iPhone.Deploy.0 = Debug|Any CPU
		{AE0AB48F-1B67-44CD-B57F-CDF2A41A110F}.Debug|iPhoneSimulator.ActiveCfg = Debug|Any CPU
		{AE0AB48F-1B67-44CD-B57F-CDF2A41A110F}.Debug|iPhoneSimulator.Build.0 = Debug|Any CPU
		{AE0AB48F-1B67-44CD-B57F-CDF2A41A110F}.Debug|iPhoneSimulator.Deploy.0 = Debug|Any CPU
		{AE0AB48F-1B67-44CD-B57F-CDF2A41A110F}.Release|Any CPU.ActiveCfg = Release|Any CPU
		{AE0AB48F-1B67-44CD-B57F-CDF2A41A110F}.Release|Any CPU.Build.0 = Release|Any CPU
		{AE0AB48F-1B67-44CD-B57F-CDF2A41A110F}.Release|Any CPU.Deploy.0 = Release|Any CPU
		{AE0AB48F-1B67-44CD-B57F-CDF2A41A110F}.Release|iPhone.ActiveCfg = Release|Any CPU
		{AE0AB48F-1B67-44CD-B57F-CDF2A41A110F}.Release|iPhone.Build.0 = Release|Any CPU
		{AE0AB48F-1B67-44CD-B57F-CDF2A41A110F}.Release|iPhone.Deploy.0 = Release|Any CPU
		{AE0AB48F-1B67-44CD-B57F-CDF2A41A110F}.Release|iPhoneSimulator.ActiveCfg = Release|Any CPU
		{AE0AB48F-1B67-44CD-B57F-CDF2A41A110F}.Release|iPhoneSimulator.Build.0 = Release|Any CPU
		{AE0AB48F-1B67-44CD-B57F-CDF2A41A110F}.Release|iPhoneSimulator.Deploy.0 = Release|Any CPU
	EndGlobalSection
	GlobalSection(SolutionProperties) = preSolution
		HideSolutionNode = FALSE
	EndGlobalSection
	GlobalSection(ExtensibilityGlobals) = postSolution
		SolutionGuid = {AA8B75D9-A94F-44E2-88A4-A6A5D6859A25}
	EndGlobalSection
EndGlobal
